// !$*UTF8*$!
{
	archiveVersion = 1;
	classes = {
	};
	objectVersion = 50;
	objects = {

/* Begin PBXBuildFile section */
		54AB219287E3C9A63618FA69 /* Pods_SmackV1.framework in Frameworks */ = {isa = PBXBuildFile; fileRef = 832C1DAFE57480F3F9960683 /* Pods_SmackV1.framework */; };
		D16B76C920DDFCEE00ACD184 /* AuthService.swift in Sources */ = {isa = PBXBuildFile; fileRef = D16B76C820DDFCEE00ACD184 /* AuthService.swift */; };
		D16B76CB20DE24BC00ACD184 /* RoundedCorners.swift in Sources */ = {isa = PBXBuildFile; fileRef = D16B76CA20DE24BC00ACD184 /* RoundedCorners.swift */; };
		D174687F20DBCAEE0092189D /* AppDelegate.swift in Sources */ = {isa = PBXBuildFile; fileRef = D174687E20DBCAEE0092189D /* AppDelegate.swift */; };
		D174688420DBCAEE0092189D /* Main.storyboard in Resources */ = {isa = PBXBuildFile; fileRef = D174688220DBCAEE0092189D /* Main.storyboard */; };
		D174688620DBCAEF0092189D /* Assets.xcassets in Resources */ = {isa = PBXBuildFile; fileRef = D174688520DBCAEF0092189D /* Assets.xcassets */; };
		D174688920DBCAEF0092189D /* LaunchScreen.storyboard in Resources */ = {isa = PBXBuildFile; fileRef = D174688720DBCAEF0092189D /* LaunchScreen.storyboard */; };
		D174689920DBDC110092189D /* ChatVC.swift in Sources */ = {isa = PBXBuildFile; fileRef = D174689820DBDC110092189D /* ChatVC.swift */; };
		D174689B20DBDC2F0092189D /* ChannelVC.swift in Sources */ = {isa = PBXBuildFile; fileRef = D174689A20DBDC2F0092189D /* ChannelVC.swift */; };
		D17468A420DBDF840092189D /* SWRevealViewController.m in Sources */ = {isa = PBXBuildFile; fileRef = D17468A220DBDF840092189D /* SWRevealViewController.m */; };
		D17468A820DBE90E0092189D /* GradientView.swift in Sources */ = {isa = PBXBuildFile; fileRef = D17468A720DBE90E0092189D /* GradientView.swift */; };
		D17468AC20DC0A750092189D /* Constants.swift in Sources */ = {isa = PBXBuildFile; fileRef = D17468AB20DC0A750092189D /* Constants.swift */; };
		D17468AE20DC14900092189D /* LoginVC.swift in Sources */ = {isa = PBXBuildFile; fileRef = D17468AD20DC14900092189D /* LoginVC.swift */; };
		D17468B020DC24760092189D /* CreateAccountVC.swift in Sources */ = {isa = PBXBuildFile; fileRef = D17468AF20DC24760092189D /* CreateAccountVC.swift */; };
/* End PBXBuildFile section */

/* Begin PBXFileReference section */
		240FDB6C9CA94315C348772F /* Pods-SmackV1.debug.xcconfig */ = {isa = PBXFileReference; includeInIndex = 1; lastKnownFileType = text.xcconfig; name = "Pods-SmackV1.debug.xcconfig"; path = "Pods/Target Support Files/Pods-SmackV1/Pods-SmackV1.debug.xcconfig"; sourceTree = "<group>"; };
		832C1DAFE57480F3F9960683 /* Pods_SmackV1.framework */ = {isa = PBXFileReference; explicitFileType = wrapper.framework; includeInIndex = 0; path = Pods_SmackV1.framework; sourceTree = BUILT_PRODUCTS_DIR; };
		B9D37161E1FAEACF3BDD0F52 /* Pods-SmackV1.release.xcconfig */ = {isa = PBXFileReference; includeInIndex = 1; lastKnownFileType = text.xcconfig; name = "Pods-SmackV1.release.xcconfig"; path = "Pods/Target Support Files/Pods-SmackV1/Pods-SmackV1.release.xcconfig"; sourceTree = "<group>"; };
		D16B76C820DDFCEE00ACD184 /* AuthService.swift */ = {isa = PBXFileReference; lastKnownFileType = sourcecode.swift; path = AuthService.swift; sourceTree = "<group>"; };
		D16B76CA20DE24BC00ACD184 /* RoundedCorners.swift */ = {isa = PBXFileReference; lastKnownFileType = sourcecode.swift; path = RoundedCorners.swift; sourceTree = "<group>"; };
		D174687B20DBCAEE0092189D /* SmackV1.app */ = {isa = PBXFileReference; explicitFileType = wrapper.application; includeInIndex = 0; path = SmackV1.app; sourceTree = BUILT_PRODUCTS_DIR; };
		D174687E20DBCAEE0092189D /* AppDelegate.swift */ = {isa = PBXFileReference; lastKnownFileType = sourcecode.swift; path = AppDelegate.swift; sourceTree = "<group>"; };
		D174688320DBCAEE0092189D /* Base */ = {isa = PBXFileReference; lastKnownFileType = file.storyboard; name = Base; path = Base.lproj/Main.storyboard; sourceTree = "<group>"; };
		D174688520DBCAEF0092189D /* Assets.xcassets */ = {isa = PBXFileReference; lastKnownFileType = folder.assetcatalog; path = Assets.xcassets; sourceTree = "<group>"; };
		D174688820DBCAEF0092189D /* Base */ = {isa = PBXFileReference; lastKnownFileType = file.storyboard; name = Base; path = Base.lproj/LaunchScreen.storyboard; sourceTree = "<group>"; };
		D174688A20DBCAEF0092189D /* Info.plist */ = {isa = PBXFileReference; lastKnownFileType = text.plist.xml; path = Info.plist; sourceTree = "<group>"; };
		D174689820DBDC110092189D /* ChatVC.swift */ = {isa = PBXFileReference; lastKnownFileType = sourcecode.swift; path = ChatVC.swift; sourceTree = "<group>"; };
		D174689A20DBDC2F0092189D /* ChannelVC.swift */ = {isa = PBXFileReference; lastKnownFileType = sourcecode.swift; path = ChannelVC.swift; sourceTree = "<group>"; };
		D17468A220DBDF840092189D /* SWRevealViewController.m */ = {isa = PBXFileReference; fileEncoding = 4; lastKnownFileType = sourcecode.c.objc; path = SWRevealViewController.m; sourceTree = "<group>"; };
		D17468A520DBDFAA0092189D /* SmackV1-Bridging-Header.h */ = {isa = PBXFileReference; fileEncoding = 4; lastKnownFileType = sourcecode.c.h; path = "SmackV1-Bridging-Header.h"; sourceTree = "<group>"; };
		D17468A620DBDFC20092189D /* SWRevealViewController.h */ = {isa = PBXFileReference; fileEncoding = 4; lastKnownFileType = sourcecode.c.h; path = SWRevealViewController.h; sourceTree = "<group>"; };
		D17468A720DBE90E0092189D /* GradientView.swift */ = {isa = PBXFileReference; lastKnownFileType = sourcecode.swift; path = GradientView.swift; sourceTree = "<group>"; };
		D17468AB20DC0A750092189D /* Constants.swift */ = {isa = PBXFileReference; lastKnownFileType = sourcecode.swift; path = Constants.swift; sourceTree = "<group>"; };
		D17468AD20DC14900092189D /* LoginVC.swift */ = {isa = PBXFileReference; lastKnownFileType = sourcecode.swift; path = LoginVC.swift; sourceTree = "<group>"; };
		D17468AF20DC24760092189D /* CreateAccountVC.swift */ = {isa = PBXFileReference; lastKnownFileType = sourcecode.swift; path = CreateAccountVC.swift; sourceTree = "<group>"; };
/* End PBXFileReference section */

/* Begin PBXFrameworksBuildPhase section */
		D174687820DBCAEE0092189D /* Frameworks */ = {
			isa = PBXFrameworksBuildPhase;
			buildActionMask = 2147483647;
			files = (
				54AB219287E3C9A63618FA69 /* Pods_SmackV1.framework in Frameworks */,
			);
			runOnlyForDeploymentPostprocessing = 0;
		};
/* End PBXFrameworksBuildPhase section */

/* Begin PBXGroup section */
		507E98E8EDB8385CDA54C128 /* Pods */ = {
			isa = PBXGroup;
			children = (
				240FDB6C9CA94315C348772F /* Pods-SmackV1.debug.xcconfig */,
				B9D37161E1FAEACF3BDD0F52 /* Pods-SmackV1.release.xcconfig */,
			);
			name = Pods;
			sourceTree = "<group>";
		};
		D16B76C720DDFCD400ACD184 /* Service */ = {
			isa = PBXGroup;
			children = (
				D16B76C820DDFCEE00ACD184 /* AuthService.swift */,
			);
			path = Service;
			sourceTree = "<group>";
		};
		D174687220DBCAEE0092189D = {
			isa = PBXGroup;
			children = (
				D174687D20DBCAEE0092189D /* SmackV1 */,
				D174687C20DBCAEE0092189D /* Products */,
				D17468A120DBDF6C0092189D /* Extra */,
				507E98E8EDB8385CDA54C128 /* Pods */,
				FF77B086E4D96313CB8E66F3 /* Frameworks */,
			);
			sourceTree = "<group>";
		};
		D174687C20DBCAEE0092189D /* Products */ = {
			isa = PBXGroup;
			children = (
				D174687B20DBCAEE0092189D /* SmackV1.app */,
			);
			name = Products;
			sourceTree = "<group>";
		};
		D174687D20DBCAEE0092189D /* SmackV1 */ = {
			isa = PBXGroup;
			children = (
				D16B76C720DDFCD400ACD184 /* Service */,
				D174689520DBDBC50092189D /* Model */,
				D174689620DBDBCC0092189D /* View */,
				D174689720DBDBD20092189D /* Controller */,
				D174687E20DBCAEE0092189D /* AppDelegate.swift */,
				D174688220DBCAEE0092189D /* Main.storyboard */,
				D174688720DBCAEF0092189D /* LaunchScreen.storyboard */,
				D174688520DBCAEF0092189D /* Assets.xcassets */,
				D174688A20DBCAEF0092189D /* Info.plist */,
				D17468A920DC0A420092189D /* Utilities */,
			);
			path = SmackV1;
			sourceTree = "<group>";
		};
		D174689520DBDBC50092189D /* Model */ = {
			isa = PBXGroup;
			children = (
			);
			path = Model;
			sourceTree = "<group>";
		};
		D174689620DBDBCC0092189D /* View */ = {
			isa = PBXGroup;
			children = (
				D17468A720DBE90E0092189D /* GradientView.swift */,
				D16B76CA20DE24BC00ACD184 /* RoundedCorners.swift */,
			);
			path = View;
			sourceTree = "<group>";
		};
		D174689720DBDBD20092189D /* Controller */ = {
			isa = PBXGroup;
			children = (
				D174689820DBDC110092189D /* ChatVC.swift */,
				D174689A20DBDC2F0092189D /* ChannelVC.swift */,
				D17468AD20DC14900092189D /* LoginVC.swift */,
				D17468AF20DC24760092189D /* CreateAccountVC.swift */,
			);
			path = Controller;
			sourceTree = "<group>";
		};
		D17468A120DBDF6C0092189D /* Extra */ = {
			isa = PBXGroup;
			children = (
				D17468A620DBDFC20092189D /* SWRevealViewController.h */,
				D17468A220DBDF840092189D /* SWRevealViewController.m */,
				D17468A520DBDFAA0092189D /* SmackV1-Bridging-Header.h */,
			);
			path = Extra;
			sourceTree = "<group>";
		};
		D17468A920DC0A420092189D /* Utilities */ = {
			isa = PBXGroup;
			children = (
				D17468AB20DC0A750092189D /* Constants.swift */,
			);
			path = Utilities;
			sourceTree = "<group>";
		};
		FF77B086E4D96313CB8E66F3 /* Frameworks */ = {
			isa = PBXGroup;
			children = (
				832C1DAFE57480F3F9960683 /* Pods_SmackV1.framework */,
			);
			name = Frameworks;
			sourceTree = "<group>";
		};
/* End PBXGroup section */

/* Begin PBXNativeTarget section */
		D174687A20DBCAEE0092189D /* SmackV1 */ = {
			isa = PBXNativeTarget;
			buildConfigurationList = D174688D20DBCAEF0092189D /* Build configuration list for PBXNativeTarget "SmackV1" */;
			buildPhases = (
				715E3C248186064DBDC0D2F1 /* [CP] Check Pods Manifest.lock */,
				D174687720DBCAEE0092189D /* Sources */,
				D174687820DBCAEE0092189D /* Frameworks */,
				D174687920DBCAEE0092189D /* Resources */,
				E7E72636BB05E36F669C1FEE /* [CP] Embed Pods Frameworks */,
			);
			buildRules = (
			);
			dependencies = (
			);
			name = SmackV1;
			productName = SmackV1;
			productReference = D174687B20DBCAEE0092189D /* SmackV1.app */;
			productType = "com.apple.product-type.application";
		};
/* End PBXNativeTarget section */

/* Begin PBXProject section */
		D174687320DBCAEE0092189D /* Project object */ = {
			isa = PBXProject;
			attributes = {
				LastSwiftUpdateCheck = 0940;
				LastUpgradeCheck = 0940;
				ORGANIZATIONNAME = Kyla;
				TargetAttributes = {
					D174687A20DBCAEE0092189D = {
						CreatedOnToolsVersion = 9.4;
						LastSwiftMigration = 0940;
					};
				};
			};
			buildConfigurationList = D174687620DBCAEE0092189D /* Build configuration list for PBXProject "SmackV1" */;
			compatibilityVersion = "Xcode 9.3";
			developmentRegion = en;
			hasScannedForEncodings = 0;
			knownRegions = (
				en,
				Base,
			);
			mainGroup = D174687220DBCAEE0092189D;
			productRefGroup = D174687C20DBCAEE0092189D /* Products */;
			projectDirPath = "";
			projectRoot = "";
			targets = (
				D174687A20DBCAEE0092189D /* SmackV1 */,
			);
		};
/* End PBXProject section */

/* Begin PBXResourcesBuildPhase section */
		D174687920DBCAEE0092189D /* Resources */ = {
			isa = PBXResourcesBuildPhase;
			buildActionMask = 2147483647;
			files = (
				D174688920DBCAEF0092189D /* LaunchScreen.storyboard in Resources */,
				D174688620DBCAEF0092189D /* Assets.xcassets in Resources */,
				D174688420DBCAEE0092189D /* Main.storyboard in Resources */,
			);
			runOnlyForDeploymentPostprocessing = 0;
		};
/* End PBXResourcesBuildPhase section */

/* Begin PBXShellScriptBuildPhase section */
		715E3C248186064DBDC0D2F1 /* [CP] Check Pods Manifest.lock */ = {
			isa = PBXShellScriptBuildPhase;
			buildActionMask = 2147483647;
			files = (
			);
			inputPaths = (
				"${PODS_PODFILE_DIR_PATH}/Podfile.lock",
				"${PODS_ROOT}/Manifest.lock",
			);
			name = "[CP] Check Pods Manifest.lock";
			outputPaths = (
				"$(DERIVED_FILE_DIR)/Pods-SmackV1-checkManifestLockResult.txt",
			);
			runOnlyForDeploymentPostprocessing = 0;
			shellPath = /bin/sh;
			shellScript = "diff \"${PODS_PODFILE_DIR_PATH}/Podfile.lock\" \"${PODS_ROOT}/Manifest.lock\" > /dev/null\nif [ $? != 0 ] ; then\n    # print error to STDERR\n    echo \"error: The sandbox is not in sync with the Podfile.lock. Run 'pod install' or update your CocoaPods installation.\" >&2\n    exit 1\nfi\n# This output is used by Xcode 'outputs' to avoid re-running this script phase.\necho \"SUCCESS\" > \"${SCRIPT_OUTPUT_FILE_0}\"\n";
			showEnvVarsInLog = 0;
		};
		E7E72636BB05E36F669C1FEE /* [CP] Embed Pods Frameworks */ = {
			isa = PBXShellScriptBuildPhase;
			buildActionMask = 2147483647;
			files = (
			);
			inputPaths = (
				"${SRCROOT}/Pods/Target Support Files/Pods-SmackV1/Pods-SmackV1-frameworks.sh",
				"${BUILT_PRODUCTS_DIR}/Alamofire/Alamofire.framework",
				"${BUILT_PRODUCTS_DIR}/Socket.IO-Client-Swift/SocketIO.framework",
				"${BUILT_PRODUCTS_DIR}/Starscream/Starscream.framework",
				"${BUILT_PRODUCTS_DIR}/SwiftyJSON/SwiftyJSON.framework",
			);
			name = "[CP] Embed Pods Frameworks";
			outputPaths = (
				"${TARGET_BUILD_DIR}/${FRAMEWORKS_FOLDER_PATH}/Alamofire.framework",
				"${TARGET_BUILD_DIR}/${FRAMEWORKS_FOLDER_PATH}/SocketIO.framework",
				"${TARGET_BUILD_DIR}/${FRAMEWORKS_FOLDER_PATH}/Starscream.framework",
				"${TARGET_BUILD_DIR}/${FRAMEWORKS_FOLDER_PATH}/SwiftyJSON.framework",
			);
			runOnlyForDeploymentPostprocessing = 0;
			shellPath = /bin/sh;
			shellScript = "\"${SRCROOT}/Pods/Target Support Files/Pods-SmackV1/Pods-SmackV1-frameworks.sh\"\n";
			showEnvVarsInLog = 0;
		};
/* End PBXShellScriptBuildPhase section */

/* Begin PBXSourcesBuildPhase section */
		D174687720DBCAEE0092189D /* Sources */ = {
			isa = PBXSourcesBuildPhase;
			buildActionMask = 2147483647;
			files = (
				D16B76CB20DE24BC00ACD184 /* RoundedCorners.swift in Sources */,
				D174689B20DBDC2F0092189D /* ChannelVC.swift in Sources */,
				D174689920DBDC110092189D /* ChatVC.swift in Sources */,
				D17468B020DC24760092189D /* CreateAccountVC.swift in Sources */,
				D16B76C920DDFCEE00ACD184 /* AuthService.swift in Sources */,
				D17468AE20DC14900092189D /* LoginVC.swift in Sources */,
				D17468A820DBE90E0092189D /* GradientView.swift in Sources */,
				D174687F20DBCAEE0092189D /* AppDelegate.swift in Sources */,
				D17468A420DBDF840092189D /* SWRevealViewController.m in Sources */,
				D17468AC20DC0A750092189D /* Constants.swift in Sources */,
			);
			runOnlyForDeploymentPostprocessing = 0;
		};
/* End PBXSourcesBuildPhase section */

/* Begin PBXVariantGroup section */
		D174688220DBCAEE0092189D /* Main.storyboard */ = {
			isa = PBXVariantGroup;
			children = (
				D174688320DBCAEE0092189D /* Base */,
			);
			name = Main.storyboard;
			sourceTree = "<group>";
		};
		D174688720DBCAEF0092189D /* LaunchScreen.storyboard */ = {
			isa = PBXVariantGroup;
			children = (
				D174688820DBCAEF0092189D /* Base */,
			);
			name = LaunchScreen.storyboard;
			sourceTree = "<group>";
		};
/* End PBXVariantGroup section */

/* Begin XCBuildConfiguration section */
		D174688B20DBCAEF0092189D /* Debug */ = {
			isa = XCBuildConfiguration;
			buildSettings = {
				ALWAYS_SEARCH_USER_PATHS = NO;
				CLANG_ANALYZER_NONNULL = YES;
				CLANG_ANALYZER_NUMBER_OBJECT_CONVERSION = YES_AGGRESSIVE;
				CLANG_CXX_LANGUAGE_STANDARD = "gnu++14";
				CLANG_CXX_LIBRARY = "libc++";
				CLANG_ENABLE_MODULES = YES;
				CLANG_ENABLE_OBJC_ARC = YES;
				CLANG_ENABLE_OBJC_WEAK = YES;
				CLANG_WARN_BLOCK_CAPTURE_AUTORELEASING = YES;
				CLANG_WARN_BOOL_CONVERSION = YES;
				CLANG_WARN_COMMA = YES;
				CLANG_WARN_CONSTANT_CONVERSION = YES;
				CLANG_WARN_DEPRECATED_OBJC_IMPLEMENTATIONS = YES;
				CLANG_WARN_DIRECT_OBJC_ISA_USAGE = YES_ERROR;
				CLANG_WARN_DOCUMENTATION_COMMENTS = YES;
				CLANG_WARN_EMPTY_BODY = YES;
				CLANG_WARN_ENUM_CONVERSION = YES;
				CLANG_WARN_INFINITE_RECURSION = YES;
				CLANG_WARN_INT_CONVERSION = YES;
				CLANG_WARN_NON_LITERAL_NULL_CONVERSION = YES;
				CLANG_WARN_OBJC_IMPLICIT_RETAIN_SELF = YES;
				CLANG_WARN_OBJC_LITERAL_CONVERSION = YES;
				CLANG_WARN_OBJC_ROOT_CLASS = YES_ERROR;
				CLANG_WARN_RANGE_LOOP_ANALYSIS = YES;
				CLANG_WARN_STRICT_PROTOTYPES = YES;
				CLANG_WARN_SUSPICIOUS_MOVE = YES;
				CLANG_WARN_UNGUARDED_AVAILABILITY = YES_AGGRESSIVE;
				CLANG_WARN_UNREACHABLE_CODE = YES;
				CLANG_WARN__DUPLICATE_METHOD_MATCH = YES;
				CODE_SIGN_IDENTITY = "iPhone Developer";
				COPY_PHASE_STRIP = NO;
				DEBUG_INFORMATION_FORMAT = dwarf;
				ENABLE_STRICT_OBJC_MSGSEND = YES;
				ENABLE_TESTABILITY = YES;
				GCC_C_LANGUAGE_STANDARD = gnu11;
				GCC_DYNAMIC_NO_PIC = NO;
				GCC_NO_COMMON_BLOCKS = YES;
				GCC_OPTIMIZATION_LEVEL = 0;
				GCC_PREPROCESSOR_DEFINITIONS = (
					"DEBUG=1",
					"$(inherited)",
				);
				GCC_WARN_64_TO_32_BIT_CONVERSION = YES;
				GCC_WARN_ABOUT_RETURN_TYPE = YES_ERROR;
				GCC_WARN_UNDECLARED_SELECTOR = YES;
				GCC_WARN_UNINITIALIZED_AUTOS = YES_AGGRESSIVE;
				GCC_WARN_UNUSED_FUNCTION = YES;
				GCC_WARN_UNUSED_VARIABLE = YES;
				IPHONEOS_DEPLOYMENT_TARGET = 11.4;
				MTL_ENABLE_DEBUG_INFO = YES;
				ONLY_ACTIVE_ARCH = YES;
				SDKROOT = iphoneos;
				SWIFT_ACTIVE_COMPILATION_CONDITIONS = DEBUG;
				SWIFT_OPTIMIZATION_LEVEL = "-Onone";
			};
			name = Debug;
		};
		D174688C20DBCAEF0092189D /* Release */ = {
			isa = XCBuildConfiguration;
			buildSettings = {
				ALWAYS_SEARCH_USER_PATHS = NO;
				CLANG_ANALYZER_NONNULL = YES;
				CLANG_ANALYZER_NUMBER_OBJECT_CONVERSION = YES_AGGRESSIVE;
				CLANG_CXX_LANGUAGE_STANDARD = "gnu++14";
				CLANG_CXX_LIBRARY = "libc++";
				CLANG_ENABLE_MODULES = YES;
				CLANG_ENABLE_OBJC_ARC = YES;
				CLANG_ENABLE_OBJC_WEAK = YES;
				CLANG_WARN_BLOCK_CAPTURE_AUTORELEASING = YES;
				CLANG_WARN_BOOL_CONVERSION = YES;
				CLANG_WARN_COMMA = YES;
				CLANG_WARN_CONSTANT_CONVERSION = YES;
				CLANG_WARN_DEPRECATED_OBJC_IMPLEMENTATIONS = YES;
				CLANG_WARN_DIRECT_OBJC_ISA_USAGE = YES_ERROR;
				CLANG_WARN_DOCUMENTATION_COMMENTS = YES;
				CLANG_WARN_EMPTY_BODY = YES;
				CLANG_WARN_ENUM_CONVERSION = YES;
				CLANG_WARN_INFINITE_RECURSION = YES;
				CLANG_WARN_INT_CONVERSION = YES;
				CLANG_WARN_NON_LITERAL_NULL_CONVERSION = YES;
				CLANG_WARN_OBJC_IMPLICIT_RETAIN_SELF = YES;
				CLANG_WARN_OBJC_LITERAL_CONVERSION = YES;
				CLANG_WARN_OBJC_ROOT_CLASS = YES_ERROR;
				CLANG_WARN_RANGE_LOOP_ANALYSIS = YES;
				CLANG_WARN_STRICT_PROTOTYPES = YES;
				CLANG_WARN_SUSPICIOUS_MOVE = YES;
				CLANG_WARN_UNGUARDED_AVAILABILITY = YES_AGGRESSIVE;
				CLANG_WARN_UNREACHABLE_CODE = YES;
				CLANG_WARN__DUPLICATE_METHOD_MATCH = YES;
				CODE_SIGN_IDENTITY = "iPhone Developer";
				COPY_PHASE_STRIP = NO;
				DEBUG_INFORMATION_FORMAT = "dwarf-with-dsym";
				ENABLE_NS_ASSERTIONS = NO;
				ENABLE_STRICT_OBJC_MSGSEND = YES;
				GCC_C_LANGUAGE_STANDARD = gnu11;
				GCC_NO_COMMON_BLOCKS = YES;
				GCC_WARN_64_TO_32_BIT_CONVERSION = YES;
				GCC_WARN_ABOUT_RETURN_TYPE = YES_ERROR;
				GCC_WARN_UNDECLARED_SELECTOR = YES;
				GCC_WARN_UNINITIALIZED_AUTOS = YES_AGGRESSIVE;
				GCC_WARN_UNUSED_FUNCTION = YES;
				GCC_WARN_UNUSED_VARIABLE = YES;
				IPHONEOS_DEPLOYMENT_TARGET = 11.4;
				MTL_ENABLE_DEBUG_INFO = NO;
				SDKROOT = iphoneos;
				SWIFT_COMPILATION_MODE = wholemodule;
				SWIFT_OPTIMIZATION_LEVEL = "-O";
				VALIDATE_PRODUCT = YES;
			};
			name = Release;
		};
		D174688E20DBCAEF0092189D /* Debug */ = {
			isa = XCBuildConfiguration;
			baseConfigurationReference = 240FDB6C9CA94315C348772F /* Pods-SmackV1.debug.xcconfig */;
			buildSettings = {
				ASSETCATALOG_COMPILER_APPICON_NAME = AppIcon;
				CLANG_ENABLE_MODULES = YES;
				CODE_SIGN_STYLE = Automatic;
				DEVELOPMENT_TEAM = G4W8G2YXN6;
				INFOPLIST_FILE = SmackV1/Info.plist;
				IPHONEOS_DEPLOYMENT_TARGET = 11.3;
				LD_RUNPATH_SEARCH_PATHS = (
					"$(inherited)",
					"@executable_path/Frameworks",
				);
				PRODUCT_BUNDLE_IDENTIFIER = Kyla.SmackV1;
				PRODUCT_NAME = "$(TARGET_NAME)";
				SWIFT_OBJC_BRIDGING_HEADER = "Extra/SmackV1-Bridging-Header.h";
				SWIFT_OPTIMIZATION_LEVEL = "-Onone";
				SWIFT_VERSION = 4.0;
				TARGETED_DEVICE_FAMILY = "1,2";
			};
			name = Debug;
		};
		D174688F20DBCAEF0092189D /* Release */ = {
			isa = XCBuildConfiguration;
			baseConfigurationReference = B9D37161E1FAEACF3BDD0F52 /* Pods-SmackV1.release.xcconfig */;
			buildSettings = {
				ASSETCATALOG_COMPILER_APPICON_NAME = AppIcon;
				CLANG_ENABLE_MODULES = YES;
				CODE_SIGN_STYLE = Automatic;
				DEVELOPMENT_TEAM = G4W8G2YXN6;
				INFOPLIST_FILE = SmackV1/Info.plist;
				IPHONEOS_DEPLOYMENT_TARGET = 11.3;
				LD_RUNPATH_SEARCH_PATHS = (
					"$(inherited)",
					"@executable_path/Frameworks",
				);
				PRODUCT_BUNDLE_IDENTIFIER = Kyla.SmackV1;
				PRODUCT_NAME = "$(TARGET_NAME)";
				SWIFT_OBJC_BRIDGING_HEADER = "Extra/SmackV1-Bridging-Header.h";
				SWIFT_VERSION = 4.0;
				TARGETED_DEVICE_FAMILY = "1,2";
			};
			name = Release;
		};
/* End XCBuildConfiguration section */

/* Begin XCConfigurationList section */
		D174687620DBCAEE0092189D /* Build configuration list for PBXProject "SmackV1" */ = {
			isa = XCConfigurationList;
			buildConfigurations = (
				D174688B20DBCAEF0092189D /* Debug */,
				D174688C20DBCAEF0092189D /* Release */,
			);
			defaultConfigurationIsVisible = 0;
			defaultConfigurationName = Release;
		};
		D174688D20DBCAEF0092189D /* Build configuration list for PBXNativeTarget "SmackV1" */ = {
			isa = XCConfigurationList;
			buildConfigurations = (
				D174688E20DBCAEF0092189D /* Debug */,
				D174688F20DBCAEF0092189D /* Release */,
			);
			defaultConfigurationIsVisible = 0;
			defaultConfigurationName = Release;
		};
/* End XCConfigurationList section */
	};
	rootObject = D174687320DBCAEE0092189D /* Project object */;
}
